
Microsoft Visual Studio Solution File, Format Version 12.00
# Visual Studio Version 17
VisualStudioVersion = 17.3.32825.248
MinimumVisualStudioVersion = 10.0.40219.1
Project("{9A19103F-16F7-4668-BE54-9A1E7A4F7556}") = "EncryptPass", "EncryptPass\EncryptPass.csproj", "{26C771C4-24D9-4E65-9165-3606CBB198CA}"
EndProject
Global
	GlobalSection(SolutionConfigurationPlatforms) = preSolution
		Debug|Any CPU = Debug|Any CPU
		Release|Any CPU = Release|Any CPU
	EndGlobalSection
	GlobalSection(ProjectConfigurationPlatforms) = postSolution
		{26C771C4-24D9-4E65-9165-3606CBB198CA}.Debug|Any CPU.ActiveCfg = Debug|Any CPU
		{26C771C4-24D9-4E65-9165-3606CBB198CA}.Debug|Any CPU.Build.0 = Debug|Any CPU
		{26C771C4-24D9-4E65-9165-3606CBB198CA}.Release|Any CPU.ActiveCfg = Release|Any CPU
		{26C771C4-24D9-4E65-9165-3606CBB198CA}.Release|Any CPU.Build.0 = Release|Any CPU
	EndGlobalSection
	GlobalSection(SolutionProperties) = preSolution
		HideSolutionNode = FALSE
	EndGlobalSection
	GlobalSection(ExtensibilityGlobals) = postSolution
		SolutionGuid = {1F998AE3-2DF5-4BAC-9BED-09AE1CDC2644}
	EndGlobalSection
EndGlobal
